
Microsoft Visual Studio Solution File, Format Version 12.00
# Visual Studio Version 17
VisualStudioVersion = 17.3.32901.215
MinimumVisualStudioVersion = 10.0.40219.1
Project("{FAE04EC0-301F-11D3-BF4B-00C04F79EFBC}") = "ECommerceApp.Android", "ECommerceApp\ECommerceApp.Android\ECommerceApp.Android.csproj", "{F94451C1-0331-41FD-9F6A-04BB7E5946BE}"
EndProject
Project("{FAE04EC0-301F-11D3-BF4B-00C04F79EFBC}") = "ECommerceApp.iOS", "ECommerceApp\ECommerceApp.iOS\ECommerceApp.iOS.csproj", "{8E49395F-352E-4F2E-8060-08734694B7C1}"
EndProject
Project("{FAE04EC0-301F-11D3-BF4B-00C04F79EFBC}") = "ECommerceApp", "ECommerceApp\ECommerceApp\ECommerceApp.csproj", "{EEFE1685-2FF9-48AB-B5B9-E682D4E83D52}"
EndProject
Global
	GlobalSection(SolutionConfigurationPlatforms) = preSolution
		Debug|Any CPU = Debug|Any CPU
		Debug|iPhone = Debug|iPhone
		Debug|iPhoneSimulator = Debug|iPhoneSimulator
		Release|Any CPU = Release|Any CPU
		Release|iPhone = Release|iPhone
		Release|iPhoneSimulator = Release|iPhoneSimulator
	EndGlobalSection
	GlobalSection(ProjectConfigurationPlatforms) = postSolution
		{F94451C1-0331-41FD-9F6A-04BB7E5946BE}.Debug|Any CPU.ActiveCfg = Debug|Any CPU
		{F94451C1-0331-41FD-9F6A-04BB7E5946BE}.Debug|Any CPU.Build.0 = Debug|Any CPU
		{F94451C1-0331-41FD-9F6A-04BB7E5946BE}.Debug|Any CPU.Deploy.0 = Debug|Any CPU
		{F94451C1-0331-41FD-9F6A-04BB7E5946BE}.Debug|iPhone.ActiveCfg = Debug|Any CPU
		{F94451C1-0331-41FD-9F6A-04BB7E5946BE}.Debug|iPhone.Build.0 = Debug|Any CPU
		{F94451C1-0331-41FD-9F6A-04BB7E5946BE}.Debug|iPhone.Deploy.0 = Debug|Any CPU
		{F94451C1-0331-41FD-9F6A-04BB7E5946BE}.Debug|iPhoneSimulator.ActiveCfg = Debug|Any CPU
		{F94451C1-0331-41FD-9F6A-04BB7E5946BE}.Debug|iPhoneSimulator.Build.0 = Debug|Any CPU
		{F94451C1-0331-41FD-9F6A-04BB7E5946BE}.Debug|iPhoneSimulator.Deploy.0 = Debug|Any CPU
		{F94451C1-0331-41FD-9F6A-04BB7E5946BE}.Release|Any CPU.ActiveCfg = Release|Any CPU
		{F94451C1-0331-41FD-9F6A-04BB7E5946BE}.Release|Any CPU.Build.0 = Release|Any CPU
		{F94451C1-0331-41FD-9F6A-04BB7E5946BE}.Release|Any CPU.Deploy.0 = Release|Any CPU
		{F94451C1-0331-41FD-9F6A-04BB7E5946BE}.Release|iPhone.ActiveCfg = Release|Any CPU
		{F94451C1-0331-41FD-9F6A-04BB7E5946BE}.Release|iPhone.Build.0 = Release|Any CPU
		{F94451C1-0331-41FD-9F6A-04BB7E5946BE}.Release|iPhone.Deploy.0 = Release|Any CPU
		{F94451C1-0331-41FD-9F6A-04BB7E5946BE}.Release|iPhoneSimulator.ActiveCfg = Release|Any CPU
		{F94451C1-0331-41FD-9F6A-04BB7E5946BE}.Release|iPhoneSimulator.Build.0 = Release|Any CPU
		{F94451C1-0331-41FD-9F6A-04BB7E5946BE}.Release|iPhoneSimulator.Deploy.0 = Release|Any CPU
		{8E49395F-352E-4F2E-8060-08734694B7C1}.Debug|Any CPU.ActiveCfg = Debug|iPhone
		{8E49395F-352E-4F2E-8060-08734694B7C1}.Debug|Any CPU.Build.0 = Debug|iPhone
		{8E49395F-352E-4F2E-8060-08734694B7C1}.Debug|Any CPU.Deploy.0 = Debug|iPhone
		{8E49395F-352E-4F2E-8060-08734694B7C1}.Debug|iPhone.ActiveCfg = Debug|iPhone
		{8E49395F-352E-4F2E-8060-08734694B7C1}.Debug|iPhone.Build.0 = Debug|iPhone
		{8E49395F-352E-4F2E-8060-08734694B7C1}.Debug|iPhone.Deploy.0 = Debug|iPhone
		{8E49395F-352E-4F2E-8060-08734694B7C1}.Debug|iPhoneSimulator.ActiveCfg = Debug|iPhoneSimulator
		{8E49395F-352E-4F2E-8060-08734694B7C1}.Debug|iPhoneSimulator.Build.0 = Debug|iPhoneSimulator
		{8E49395F-352E-4F2E-8060-08734694B7C1}.Debug|iPhoneSimulator.Deploy.0 = Debug|iPhoneSimulator
		{8E49395F-352E-4F2E-8060-08734694B7C1}.Release|Any CPU.ActiveCfg = Release|iPhoneSimulator
		{8E49395F-352E-4F2E-8060-08734694B7C1}.Release|Any CPU.Build.0 = Release|iPhoneSimulator
		{8E49395F-352E-4F2E-8060-08734694B7C1}.Release|Any CPU.Deploy.0 = Release|iPhoneSimulator
		{8E49395F-352E-4F2E-8060-08734694B7C1}.Release|iPhone.ActiveCfg = Release|iPhone
		{8E49395F-352E-4F2E-8060-08734694B7C1}.Release|iPhone.Build.0 = Release|iPhone
		{8E49395F-352E-4F2E-8060-08734694B7C1}.Release|iPhone.Deploy.0 = Release|iPhone
		{8E49395F-352E-4F2E-8060-08734694B7C1}.Release|iPhoneSimulator.ActiveCfg = Release|iPhoneSimulator
		{8E49395F-352E-4F2E-8060-08734694B7C1}.Release|iPhoneSimulator.Build.0 = Release|iPhoneSimulator
		{8E49395F-352E-4F2E-8060-08734694B7C1}.Release|iPhoneSimulator.Deploy.0 = Release|iPhoneSimulator
		{EEFE1685-2FF9-48AB-B5B9-E682D4E83D52}.Debug|Any CPU.ActiveCfg = Debug|Any CPU
		{EEFE1685-2FF9-48AB-B5B9-E682D4E83D52}.Debug|Any CPU.Build.0 = Debug|Any CPU
		{EEFE1685-2FF9-48AB-B5B9-E682D4E83D52}.Debug|Any CPU.Deploy.0 = Debug|Any CPU
		{EEFE1685-2FF9-48AB-B5B9-E682D4E83D52}.Debug|iPhone.ActiveCfg = Debug|Any CPU
		{EEFE1685-2FF9-48AB-B5B9-E682D4E83D52}.Debug|iPhone.Build.0 = Debug|Any CPU
		{EEFE1685-2FF9-48AB-B5B9-E682D4E83D52}.Debug|iPhone.Deploy.0 = Debug|Any CPU
		{EEFE1685-2FF9-48AB-B5B9-E682D4E83D52}.Debug|iPhoneSimulator.ActiveCfg = Debug|Any CPU
		{EEFE1685-2FF9-48AB-B5B9-E682D4E83D52}.Debug|iPhoneSimulator.Build.0 = Debug|Any CPU
		{EEFE1685-2FF9-48AB-B5B9-E682D4E83D52}.Debug|iPhoneSimulator.Deploy.0 = Debug|Any CPU
		{EEFE1685-2FF9-48AB-B5B9-E682D4E83D52}.Release|Any CPU.ActiveCfg = Release|Any CPU
		{EEFE1685-2FF9-48AB-B5B9-E682D4E83D52}.Release|Any CPU.Build.0 = Release|Any CPU
		{EEFE1685-2FF9-48AB-B5B9-E682D4E83D52}.Release|Any CPU.Deploy.0 = Release|Any CPU
		{EEFE1685-2FF9-48AB-B5B9-E682D4E83D52}.Release|iPhone.ActiveCfg = Release|Any CPU
		{EEFE1685-2FF9-48AB-B5B9-E682D4E83D52}.Release|iPhone.Build.0 = Release|Any CPU
		{EEFE1685-2FF9-48AB-B5B9-E682D4E83D52}.Release|iPhone.Deploy.0 = Release|Any CPU
		{EEFE1685-2FF9-48AB-B5B9-E682D4E83D52}.Release|iPhoneSimulator.ActiveCfg = Release|Any CPU
		{EEFE1685-2FF9-48AB-B5B9-E682D4E83D52}.Release|iPhoneSimulator.Build.0 = Release|Any CPU
		{EEFE1685-2FF9-48AB-B5B9-E682D4E83D52}.Release|iPhoneSimulator.Deploy.0 = Release|Any CPU
	EndGlobalSection
	GlobalSection(SolutionProperties) = preSolution
		HideSolutionNode = FALSE
	EndGlobalSection
	GlobalSection(ExtensibilityGlobals) = postSolution
		SolutionGuid = {4E715CCF-8B40-4BBB-96C2-9412BC914752}
	EndGlobalSection
EndGlobal
